
Microsoft Visual Studio Solution File, Format Version 12.00
# Visual Studio 15
VisualStudioVersion = 15.0.26730.15
MinimumVisualStudioVersion = 10.0.40219.1
Project("{FAE04EC0-301F-11D3-BF4B-00C04F79EFBC}") = "Demo Application", "DemoApplication\Demo Application.csproj", "{977FC0C6-4FDF-4DD9-AAC0-456D4D79C96C}"
EndProject
Project("{2150E333-8FDC-42A3-9474-1A3956D46DE8}") = "数据", "数据", "{04C02C42-2545-438A-A8E5-52577395298C}"
EndProject
Project("{2150E333-8FDC-42A3-9474-1A3956D46DE8}") = "tbPhone", "tbPhone", "{F4C58906-BC6C-476A-9887-9106E4DA15F8}"
	ProjectSection(SolutionItems) = preProject
		Phone.txt = Phone.txt
	EndProjectSection
EndProject
Project("{FAE04EC0-301F-11D3-BF4B-00C04F79EFBC}") = "LayuiFW", "LayuiFW\LayuiFW.csproj", "{4DC7A365-9BBA-4EFE-8D0F-FAC2D1BAB7AB}"
EndProject
Project("{FAE04EC0-301F-11D3-BF4B-00C04F79EFBC}") = "qqliwuwang", "qqliwuwang\qqliwuwang.csproj", "{D02B6F75-D84B-4469-B88A-43706CBC2BB1}"
EndProject
Project("{FAE04EC0-301F-11D3-BF4B-00C04F79EFBC}") = "SpiderConsole", "SpiderConsole\SpiderConsole.csproj", "{B6AD4E10-D29A-49EF-9886-A2FCE6486249}"
EndProject
Project("{2150E333-8FDC-42A3-9474-1A3956D46DE8}") = "HWSystem", "HWSystem", "{EE95BA3E-5AB0-474E-B53F-519198C0AD7B}"
EndProject
Project("{FAE04EC0-301F-11D3-BF4B-00C04F79EFBC}") = "HWAdmin.BLL", "HWAdmin.BLL\HWAdmin.BLL.csproj", "{696D75E8-B9B9-44DB-9729-A5A4FC17D52F}"
EndProject
Project("{FAE04EC0-301F-11D3-BF4B-00C04F79EFBC}") = "HWAdmin.DAL", "HWAdmin.DAL\HWAdmin.DAL.csproj", "{24C828E4-B14D-4EE5-AB33-395A20430777}"
EndProject
Project("{FAE04EC0-301F-11D3-BF4B-00C04F79EFBC}") = "HWAdmin.Entity", "HWAdmin.Entity\HWAdmin.Entity.csproj", "{57C3CC64-4670-4F2A-99EA-31061E285AAB}"
EndProject
Project("{2150E333-8FDC-42A3-9474-1A3956D46DE8}") = "设计", "设计", "{53350506-DD2C-4028-AB78-B1B94AEAA357}"
EndProject
Project("{FAE04EC0-301F-11D3-BF4B-00C04F79EFBC}") = "Design", "..\..\..\Repos\HwAdmin\Design\Design.csproj", "{5171BD55-6D2E-47C0-84AD-CFF6AAC4E135}"
EndProject
Project("{2150E333-8FDC-42A3-9474-1A3956D46DE8}") = "芊芊礼物网", "芊芊礼物网", "{48C77546-8162-4FB6-A929-991018D0EDF5}"
EndProject
Project("{2150E333-8FDC-42A3-9474-1A3956D46DE8}") = "单元测试", "单元测试", "{89DFF3B5-F021-4458-90AA-BFE3F0D71DF7}"
EndProject
Project("{2150E333-8FDC-42A3-9474-1A3956D46DE8}") = "爬虫框架", "爬虫框架", "{621D2F94-5D92-40FF-8ECD-593EEBB33E02}"
EndProject
Project("{2150E333-8FDC-42A3-9474-1A3956D46DE8}") = "前端框架", "前端框架", "{59AC7FFF-0EF1-4846-AD40-3047E0A3065A}"
EndProject
Project("{FAE04EC0-301F-11D3-BF4B-00C04F79EFBC}") = "Mehdime.Entity", "Mehdime.Entity\Mehdime.Entity.csproj", "{4830BAFD-4163-473E-B00F-65F274AC165F}"
EndProject
Project("{FAE04EC0-301F-11D3-BF4B-00C04F79EFBC}") = "HWAdmin.Web", "HWAdmin.Web\HWAdmin.Web.csproj", "{338E80D3-9B5C-4134-A1C5-B69CB91D34D2}"
EndProject
Project("{FAE04EC0-301F-11D3-BF4B-00C04F79EFBC}") = "HWAdmin.Common", "HWAdmin.Common\HWAdmin.Common.csproj", "{D960EF83-1E1D-47C4-A401-138EBA430386}"
EndProject
Project("{FAE04EC0-301F-11D3-BF4B-00C04F79EFBC}") = "HWAdmin.IBLL", "HWAdmin.IBLL\HWAdmin.IBLL.csproj", "{9D3DECE9-99F2-4FB5-AC3E-8BBEFD74EF62}"
EndProject
Project("{FAE04EC0-301F-11D3-BF4B-00C04F79EFBC}") = "HWAdmin.IDAL", "HWAdmin.IDAL\HWAdmin.IDAL.csproj", "{BFF5A125-E3A3-49FC-A800-FE4F3CC44825}"
EndProject
Project("{FAE04EC0-301F-11D3-BF4B-00C04F79EFBC}") = "HWAdmin.SSO", "HWAdmin.SSO\HWAdmin.SSO.csproj", "{14E490D6-47BF-4B9F-82AC-1EAB5E153BD7}"
EndProject
Project("{FAE04EC0-301F-11D3-BF4B-00C04F79EFBC}") = "UnitTest", "UnitTest\UnitTest.csproj", "{18AE620E-5737-4977-A233-8317B1E6C93A}"
EndProject
Project("{2150E333-8FDC-42A3-9474-1A3956D46DE8}") = "设计模式", "设计模式", "{05C9D992-D322-415F-BF93-5763EF8BEBB8}"
EndProject
Project("{9A19103F-16F7-4668-BE54-9A1E7A4F7556}") = "DesignPattern", "DesigenModel\DesignPattern.csproj", "{0BA5691E-BD28-4D92-AEE1-0E6324B33F56}"
EndProject
Project("{FAE04EC0-301F-11D3-BF4B-00C04F79EFBC}") = "WebTest_IdentityService4", "WebTest_IdentityService4\WebTest_IdentityService4.csproj", "{C3D6EFB5-20B0-4177-A5B9-C40ADE65CF09}"
EndProject
Project("{9A19103F-16F7-4668-BE54-9A1E7A4F7556}") = "HWAdmin.Identity", "HWAdmin.Identity\HWAdmin.Identity.csproj", "{B71357CB-BFDC-442B-8017-6C23727A5DE5}"
EndProject
Project("{2150E333-8FDC-42A3-9474-1A3956D46DE8}") = "控制台程序", "控制台程序", "{E7A1B618-3F6C-4D57-B5E2-CD3488EAA40A}"
EndProject
Project("{FAE04EC0-301F-11D3-BF4B-00C04F79EFBC}") = "IdentityTest", "IdentityTest\IdentityTest.csproj", "{FC5885CD-80A0-428C-8BD4-66A92A0B6F38}"
EndProject
Project("{9A19103F-16F7-4668-BE54-9A1E7A4F7556}") = "HWAdmin.Empty", "HWAdmin.Empty\HWAdmin.Empty.csproj", "{6F48E967-A20D-42FF-832C-A10AC81EE936}"
EndProject
Project("{9A19103F-16F7-4668-BE54-9A1E7A4F7556}") = "HWAdmin.SSO", "HWAdmin.SSO\HWAdmin.SSO.csproj", "{EA07F7C9-A1E3-4C90-B8B8-FF9FDCC5B874}"
EndProject
Project("{FAE04EC0-301F-11D3-BF4B-00C04F79EFBC}") = "TestBLL", "TestBLL\TestBLL.csproj", "{18B1ACBA-1C6C-43F4-978F-20DA63553E0E}"
EndProject
Project("{FAE04EC0-301F-11D3-BF4B-00C04F79EFBC}") = "HWAdmin.Dapper", "HWAdmin.Dapper\HWAdmin.Dapper.csproj", "{B1A2B498-3515-44B8-90FC-3C5981E5553C}"
EndProject
Project("{FAE04EC0-301F-11D3-BF4B-00C04F79EFBC}") = "HWAdmin.PetaPoco", "HWAdmin.PetaPoco\HWAdmin.PetaPoco.csproj", "{813399C1-CA8B-4CBF-95CD-797B115A0681}"
EndProject
Project("{2150E333-8FDC-42A3-9474-1A3956D46DE8}") = "AntDesignPro", "AntDesignPro", "{281E5AE0-5C38-4F6A-9AA9-F5040EB40C57}"
EndProject
Project("{2150E333-8FDC-42A3-9474-1A3956D46DE8}") = "小工具", "小工具", "{3EB04114-5ED5-4A46-884B-47A6412155A1}"
EndProject
Project("{FAE04EC0-301F-11D3-BF4B-00C04F79EFBC}") = "GuPiao", "GuPiao\GuPiao.csproj", "{FF011FA3-6846-41A1-827F-AD50CCA6636C}"
EndProject
Project("{FAE04EC0-301F-11D3-BF4B-00C04F79EFBC}") = "GuPiaoConsole", "GuPiaoConsole\GuPiaoConsole.csproj", "{CBF203F8-9542-4BBD-9B9E-E237517C3C23}"
EndProject
Project("{FAE04EC0-301F-11D3-BF4B-00C04F79EFBC}") = "WebEdit", "WebEdit\WebEdit.csproj", "{44A31EAD-0BC6-4D75-9D8B-6C6A4F9D7A25}"
EndProject
Global
	GlobalSection(SolutionConfigurationPlatforms) = preSolution
		Debug|Any CPU = Debug|Any CPU
		Release|Any CPU = Release|Any CPU
	EndGlobalSection
	GlobalSection(ProjectConfigurationPlatforms) = postSolution
		{977FC0C6-4FDF-4DD9-AAC0-456D4D79C96C}.Debug|Any CPU.ActiveCfg = Debug|Any CPU
		{977FC0C6-4FDF-4DD9-AAC0-456D4D79C96C}.Debug|Any CPU.Build.0 = Debug|Any CPU
		{977FC0C6-4FDF-4DD9-AAC0-456D4D79C96C}.Release|Any CPU.ActiveCfg = Release|Any CPU
		{977FC0C6-4FDF-4DD9-AAC0-456D4D79C96C}.Release|Any CPU.Build.0 = Release|Any CPU
		{4DC7A365-9BBA-4EFE-8D0F-FAC2D1BAB7AB}.Debug|Any CPU.ActiveCfg = Debug|Any CPU
		{4DC7A365-9BBA-4EFE-8D0F-FAC2D1BAB7AB}.Debug|Any CPU.Build.0 = Debug|Any CPU
		{4DC7A365-9BBA-4EFE-8D0F-FAC2D1BAB7AB}.Release|Any CPU.ActiveCfg = Release|Any CPU
		{4DC7A365-9BBA-4EFE-8D0F-FAC2D1BAB7AB}.Release|Any CPU.Build.0 = Release|Any CPU
		{D02B6F75-D84B-4469-B88A-43706CBC2BB1}.Debug|Any CPU.ActiveCfg = Debug|Any CPU
		{D02B6F75-D84B-4469-B88A-43706CBC2BB1}.Debug|Any CPU.Build.0 = Debug|Any CPU
		{D02B6F75-D84B-4469-B88A-43706CBC2BB1}.Release|Any CPU.ActiveCfg = Release|Any CPU
		{D02B6F75-D84B-4469-B88A-43706CBC2BB1}.Release|Any CPU.Build.0 = Release|Any CPU
		{B6AD4E10-D29A-49EF-9886-A2FCE6486249}.Debug|Any CPU.ActiveCfg = Debug|Any CPU
		{B6AD4E10-D29A-49EF-9886-A2FCE6486249}.Debug|Any CPU.Build.0 = Debug|Any CPU
		{B6AD4E10-D29A-49EF-9886-A2FCE6486249}.Release|Any CPU.ActiveCfg = Release|Any CPU
		{B6AD4E10-D29A-49EF-9886-A2FCE6486249}.Release|Any CPU.Build.0 = Release|Any CPU
		{696D75E8-B9B9-44DB-9729-A5A4FC17D52F}.Debug|Any CPU.ActiveCfg = Debug|Any CPU
		{696D75E8-B9B9-44DB-9729-A5A4FC17D52F}.Debug|Any CPU.Build.0 = Debug|Any CPU
		{696D75E8-B9B9-44DB-9729-A5A4FC17D52F}.Release|Any CPU.ActiveCfg = Release|Any CPU
		{696D75E8-B9B9-44DB-9729-A5A4FC17D52F}.Release|Any CPU.Build.0 = Release|Any CPU
		{24C828E4-B14D-4EE5-AB33-395A20430777}.Debug|Any CPU.ActiveCfg = Debug|Any CPU
		{24C828E4-B14D-4EE5-AB33-395A20430777}.Debug|Any CPU.Build.0 = Debug|Any CPU
		{24C828E4-B14D-4EE5-AB33-395A20430777}.Release|Any CPU.ActiveCfg = Release|Any CPU
		{24C828E4-B14D-4EE5-AB33-395A20430777}.Release|Any CPU.Build.0 = Release|Any CPU
		{57C3CC64-4670-4F2A-99EA-31061E285AAB}.Debug|Any CPU.ActiveCfg = Debug|Any CPU
		{57C3CC64-4670-4F2A-99EA-31061E285AAB}.Debug|Any CPU.Build.0 = Debug|Any CPU
		{57C3CC64-4670-4F2A-99EA-31061E285AAB}.Release|Any CPU.ActiveCfg = Release|Any CPU
		{57C3CC64-4670-4F2A-99EA-31061E285AAB}.Release|Any CPU.Build.0 = Release|Any CPU
		{5171BD55-6D2E-47C0-84AD-CFF6AAC4E135}.Debug|Any CPU.ActiveCfg = Debug|Any CPU
		{5171BD55-6D2E-47C0-84AD-CFF6AAC4E135}.Debug|Any CPU.Build.0 = Debug|Any CPU
		{5171BD55-6D2E-47C0-84AD-CFF6AAC4E135}.Release|Any CPU.ActiveCfg = Release|Any CPU
		{5171BD55-6D2E-47C0-84AD-CFF6AAC4E135}.Release|Any CPU.Build.0 = Release|Any CPU
		{4830BAFD-4163-473E-B00F-65F274AC165F}.Debug|Any CPU.ActiveCfg = Debug|Any CPU
		{4830BAFD-4163-473E-B00F-65F274AC165F}.Debug|Any CPU.Build.0 = Debug|Any CPU
		{4830BAFD-4163-473E-B00F-65F274AC165F}.Release|Any CPU.ActiveCfg = Release|Any CPU
		{4830BAFD-4163-473E-B00F-65F274AC165F}.Release|Any CPU.Build.0 = Release|Any CPU
		{338E80D3-9B5C-4134-A1C5-B69CB91D34D2}.Debug|Any CPU.ActiveCfg = Debug|Any CPU
		{338E80D3-9B5C-4134-A1C5-B69CB91D34D2}.Debug|Any CPU.Build.0 = Debug|Any CPU
		{338E80D3-9B5C-4134-A1C5-B69CB91D34D2}.Release|Any CPU.ActiveCfg = Release|Any CPU
		{338E80D3-9B5C-4134-A1C5-B69CB91D34D2}.Release|Any CPU.Build.0 = Release|Any CPU
		{D960EF83-1E1D-47C4-A401-138EBA430386}.Debug|Any CPU.ActiveCfg = Debug|Any CPU
		{D960EF83-1E1D-47C4-A401-138EBA430386}.Debug|Any CPU.Build.0 = Debug|Any CPU
		{D960EF83-1E1D-47C4-A401-138EBA430386}.Release|Any CPU.ActiveCfg = Release|Any CPU
		{D960EF83-1E1D-47C4-A401-138EBA430386}.Release|Any CPU.Build.0 = Release|Any CPU
		{9D3DECE9-99F2-4FB5-AC3E-8BBEFD74EF62}.Debug|Any CPU.ActiveCfg = Debug|Any CPU
		{9D3DECE9-99F2-4FB5-AC3E-8BBEFD74EF62}.Debug|Any CPU.Build.0 = Debug|Any CPU
		{9D3DECE9-99F2-4FB5-AC3E-8BBEFD74EF62}.Release|Any CPU.ActiveCfg = Release|Any CPU
		{9D3DECE9-99F2-4FB5-AC3E-8BBEFD74EF62}.Release|Any CPU.Build.0 = Release|Any CPU
		{BFF5A125-E3A3-49FC-A800-FE4F3CC44825}.Debug|Any CPU.ActiveCfg = Debug|Any CPU
		{BFF5A125-E3A3-49FC-A800-FE4F3CC44825}.Debug|Any CPU.Build.0 = Debug|Any CPU
		{BFF5A125-E3A3-49FC-A800-FE4F3CC44825}.Release|Any CPU.ActiveCfg = Release|Any CPU
		{BFF5A125-E3A3-49FC-A800-FE4F3CC44825}.Release|Any CPU.Build.0 = Release|Any CPU

		{14E490D6-47BF-4B9F-82AC-1EAB5E153BD7}.Debug|Any CPU.ActiveCfg = Debug|Any CPU
		{14E490D6-47BF-4B9F-82AC-1EAB5E153BD7}.Debug|Any CPU.Build.0 = Debug|Any CPU
		{14E490D6-47BF-4B9F-82AC-1EAB5E153BD7}.Release|Any CPU.ActiveCfg = Release|Any CPU
		{14E490D6-47BF-4B9F-82AC-1EAB5E153BD7}.Release|Any CPU.Build.0 = Release|Any CPU
		{18AE620E-5737-4977-A233-8317B1E6C93A}.Debug|Any CPU.ActiveCfg = Debug|Any CPU
		{18AE620E-5737-4977-A233-8317B1E6C93A}.Debug|Any CPU.Build.0 = Debug|Any CPU
		{18AE620E-5737-4977-A233-8317B1E6C93A}.Release|Any CPU.ActiveCfg = Release|Any CPU
		{18AE620E-5737-4977-A233-8317B1E6C93A}.Release|Any CPU.Build.0 = Release|Any CPU
		{0BA5691E-BD28-4D92-AEE1-0E6324B33F56}.Debug|Any CPU.ActiveCfg = Debug|Any CPU
		{0BA5691E-BD28-4D92-AEE1-0E6324B33F56}.Debug|Any CPU.Build.0 = Debug|Any CPU
		{0BA5691E-BD28-4D92-AEE1-0E6324B33F56}.Release|Any CPU.ActiveCfg = Release|Any CPU
		{0BA5691E-BD28-4D92-AEE1-0E6324B33F56}.Release|Any CPU.Build.0 = Release|Any CPU
		{C3D6EFB5-20B0-4177-A5B9-C40ADE65CF09}.Debug|Any CPU.ActiveCfg = Debug|Any CPU
		{C3D6EFB5-20B0-4177-A5B9-C40ADE65CF09}.Debug|Any CPU.Build.0 = Debug|Any CPU
		{C3D6EFB5-20B0-4177-A5B9-C40ADE65CF09}.Release|Any CPU.ActiveCfg = Release|Any CPU
		{C3D6EFB5-20B0-4177-A5B9-C40ADE65CF09}.Release|Any CPU.Build.0 = Release|Any CPU
		{B71357CB-BFDC-442B-8017-6C23727A5DE5}.Debug|Any CPU.ActiveCfg = Debug|Any CPU
		{B71357CB-BFDC-442B-8017-6C23727A5DE5}.Debug|Any CPU.Build.0 = Debug|Any CPU
		{B71357CB-BFDC-442B-8017-6C23727A5DE5}.Release|Any CPU.ActiveCfg = Release|Any CPU
		{B71357CB-BFDC-442B-8017-6C23727A5DE5}.Release|Any CPU.Build.0 = Release|Any CPU
		{FC5885CD-80A0-428C-8BD4-66A92A0B6F38}.Debug|Any CPU.ActiveCfg = Debug|Any CPU
		{FC5885CD-80A0-428C-8BD4-66A92A0B6F38}.Debug|Any CPU.Build.0 = Debug|Any CPU
		{FC5885CD-80A0-428C-8BD4-66A92A0B6F38}.Release|Any CPU.ActiveCfg = Release|Any CPU
		{FC5885CD-80A0-428C-8BD4-66A92A0B6F38}.Release|Any CPU.Build.0 = Release|Any CPU
		{6F48E967-A20D-42FF-832C-A10AC81EE936}.Debug|Any CPU.ActiveCfg = Debug|Any CPU
		{6F48E967-A20D-42FF-832C-A10AC81EE936}.Debug|Any CPU.Build.0 = Debug|Any CPU
		{6F48E967-A20D-42FF-832C-A10AC81EE936}.Release|Any CPU.ActiveCfg = Release|Any CPU
		{6F48E967-A20D-42FF-832C-A10AC81EE936}.Release|Any CPU.Build.0 = Release|Any CPU
		{EA07F7C9-A1E3-4C90-B8B8-FF9FDCC5B874}.Debug|Any CPU.ActiveCfg = Debug|Any CPU
		{EA07F7C9-A1E3-4C90-B8B8-FF9FDCC5B874}.Debug|Any CPU.Build.0 = Debug|Any CPU
		{EA07F7C9-A1E3-4C90-B8B8-FF9FDCC5B874}.Release|Any CPU.ActiveCfg = Release|Any CPU
		{EA07F7C9-A1E3-4C90-B8B8-FF9FDCC5B874}.Release|Any CPU.Build.0 = Release|Any CPU
		{18B1ACBA-1C6C-43F4-978F-20DA63553E0E}.Debug|Any CPU.ActiveCfg = Debug|Any CPU
		{18B1ACBA-1C6C-43F4-978F-20DA63553E0E}.Debug|Any CPU.Build.0 = Debug|Any CPU
		{18B1ACBA-1C6C-43F4-978F-20DA63553E0E}.Release|Any CPU.ActiveCfg = Release|Any CPU
		{18B1ACBA-1C6C-43F4-978F-20DA63553E0E}.Release|Any CPU.Build.0 = Release|Any CPU
		{B1A2B498-3515-44B8-90FC-3C5981E5553C}.Debug|Any CPU.ActiveCfg = Debug|Any CPU
		{B1A2B498-3515-44B8-90FC-3C5981E5553C}.Debug|Any CPU.Build.0 = Debug|Any CPU
		{B1A2B498-3515-44B8-90FC-3C5981E5553C}.Release|Any CPU.ActiveCfg = Release|Any CPU
		{B1A2B498-3515-44B8-90FC-3C5981E5553C}.Release|Any CPU.Build.0 = Release|Any CPU
		{813399C1-CA8B-4CBF-95CD-797B115A0681}.Debug|Any CPU.ActiveCfg = Debug|Any CPU
		{813399C1-CA8B-4CBF-95CD-797B115A0681}.Debug|Any CPU.Build.0 = Debug|Any CPU
		{813399C1-CA8B-4CBF-95CD-797B115A0681}.Release|Any CPU.ActiveCfg = Release|Any CPU
		{813399C1-CA8B-4CBF-95CD-797B115A0681}.Release|Any CPU.Build.0 = Release|Any CPU
		{FF011FA3-6846-41A1-827F-AD50CCA6636C}.Debug|Any CPU.ActiveCfg = Debug|Any CPU
		{FF011FA3-6846-41A1-827F-AD50CCA6636C}.Debug|Any CPU.Build.0 = Debug|Any CPU
		{FF011FA3-6846-41A1-827F-AD50CCA6636C}.Release|Any CPU.ActiveCfg = Release|Any CPU
		{FF011FA3-6846-41A1-827F-AD50CCA6636C}.Release|Any CPU.Build.0 = Release|Any CPU
		{CBF203F8-9542-4BBD-9B9E-E237517C3C23}.Debug|Any CPU.ActiveCfg = Debug|Any CPU
		{CBF203F8-9542-4BBD-9B9E-E237517C3C23}.Debug|Any CPU.Build.0 = Debug|Any CPU
		{CBF203F8-9542-4BBD-9B9E-E237517C3C23}.Release|Any CPU.ActiveCfg = Release|Any CPU
		{CBF203F8-9542-4BBD-9B9E-E237517C3C23}.Release|Any CPU.Build.0 = Release|Any CPU
		{44A31EAD-0BC6-4D75-9D8B-6C6A4F9D7A25}.Debug|Any CPU.ActiveCfg = Debug|Any CPU
		{44A31EAD-0BC6-4D75-9D8B-6C6A4F9D7A25}.Debug|Any CPU.Build.0 = Debug|Any CPU
		{44A31EAD-0BC6-4D75-9D8B-6C6A4F9D7A25}.Release|Any CPU.ActiveCfg = Release|Any CPU
		{44A31EAD-0BC6-4D75-9D8B-6C6A4F9D7A25}.Release|Any CPU.Build.0 = Release|Any CPU
	EndGlobalSection
	GlobalSection(SolutionProperties) = preSolution
		HideSolutionNode = FALSE
	EndGlobalSection
	GlobalSection(NestedProjects) = preSolution
		{977FC0C6-4FDF-4DD9-AAC0-456D4D79C96C} = {89DFF3B5-F021-4458-90AA-BFE3F0D71DF7}
		{F4C58906-BC6C-476A-9887-9106E4DA15F8} = {04C02C42-2545-438A-A8E5-52577395298C}
		{4DC7A365-9BBA-4EFE-8D0F-FAC2D1BAB7AB} = {59AC7FFF-0EF1-4846-AD40-3047E0A3065A}
		{D02B6F75-D84B-4469-B88A-43706CBC2BB1} = {48C77546-8162-4FB6-A929-991018D0EDF5}
		{B6AD4E10-D29A-49EF-9886-A2FCE6486249} = {621D2F94-5D92-40FF-8ECD-593EEBB33E02}
		{696D75E8-B9B9-44DB-9729-A5A4FC17D52F} = {EE95BA3E-5AB0-474E-B53F-519198C0AD7B}
		{24C828E4-B14D-4EE5-AB33-395A20430777} = {EE95BA3E-5AB0-474E-B53F-519198C0AD7B}
		{57C3CC64-4670-4F2A-99EA-31061E285AAB} = {EE95BA3E-5AB0-474E-B53F-519198C0AD7B}
		{5171BD55-6D2E-47C0-84AD-CFF6AAC4E135} = {53350506-DD2C-4028-AB78-B1B94AEAA357}
		{4830BAFD-4163-473E-B00F-65F274AC165F} = {EE95BA3E-5AB0-474E-B53F-519198C0AD7B}
		{338E80D3-9B5C-4134-A1C5-B69CB91D34D2} = {EE95BA3E-5AB0-474E-B53F-519198C0AD7B}
		{D960EF83-1E1D-47C4-A401-138EBA430386} = {EE95BA3E-5AB0-474E-B53F-519198C0AD7B}
		{9D3DECE9-99F2-4FB5-AC3E-8BBEFD74EF62} = {EE95BA3E-5AB0-474E-B53F-519198C0AD7B}
		{BFF5A125-E3A3-49FC-A800-FE4F3CC44825} = {EE95BA3E-5AB0-474E-B53F-519198C0AD7B}
		{14E490D6-47BF-4B9F-82AC-1EAB5E153BD7} = {EE95BA3E-5AB0-474E-B53F-519198C0AD7B}
		{18AE620E-5737-4977-A233-8317B1E6C93A} = {89DFF3B5-F021-4458-90AA-BFE3F0D71DF7}
		{0BA5691E-BD28-4D92-AEE1-0E6324B33F56} = {05C9D992-D322-415F-BF93-5763EF8BEBB8}
		{C3D6EFB5-20B0-4177-A5B9-C40ADE65CF09} = {89DFF3B5-F021-4458-90AA-BFE3F0D71DF7}
		{B71357CB-BFDC-442B-8017-6C23727A5DE5} = {EE95BA3E-5AB0-474E-B53F-519198C0AD7B}
		{FC5885CD-80A0-428C-8BD4-66A92A0B6F38} = {E7A1B618-3F6C-4D57-B5E2-CD3488EAA40A}
		{6F48E967-A20D-42FF-832C-A10AC81EE936} = {EE95BA3E-5AB0-474E-B53F-519198C0AD7B}
		{EA07F7C9-A1E3-4C90-B8B8-FF9FDCC5B874} = {EE95BA3E-5AB0-474E-B53F-519198C0AD7B}
		{18B1ACBA-1C6C-43F4-978F-20DA63553E0E} = {89DFF3B5-F021-4458-90AA-BFE3F0D71DF7}
		{B1A2B498-3515-44B8-90FC-3C5981E5553C} = {EE95BA3E-5AB0-474E-B53F-519198C0AD7B}
		{813399C1-CA8B-4CBF-95CD-797B115A0681} = {EE95BA3E-5AB0-474E-B53F-519198C0AD7B}
		{FF011FA3-6846-41A1-827F-AD50CCA6636C} = {3EB04114-5ED5-4A46-884B-47A6412155A1}
		{CBF203F8-9542-4BBD-9B9E-E237517C3C23} = {3EB04114-5ED5-4A46-884B-47A6412155A1}
		{44A31EAD-0BC6-4D75-9D8B-6C6A4F9D7A25} = {3EB04114-5ED5-4A46-884B-47A6412155A1}
	EndGlobalSection
	GlobalSection(ExtensibilityGlobals) = postSolution
		SolutionGuid = {159CE001-FAFA-4AA6-AD27-C69129BDFF06}
	EndGlobalSection
EndGlobal
